// !$*UTF8*$!
{
	archiveVersion = 1;
	classes = {
	};
	objectVersion = 56;
	objects = {

/* Begin PBXBuildFile section */
		CCB66DC02BE5DFC9002AA2A2 /* LoginView.swift in Sources */ = {isa = PBXBuildFile; fileRef = CCB66DBF2BE5DFC9002AA2A2 /* LoginView.swift */; };
		CCB66DC22BE5E00A002AA2A2 /* ForgotPassword.swift in Sources */ = {isa = PBXBuildFile; fileRef = CCB66DC12BE5E00A002AA2A2 /* ForgotPassword.swift */; };
		CCB66DC42BE5E047002AA2A2 /* SignupView.swift in Sources */ = {isa = PBXBuildFile; fileRef = CCB66DC32BE5E047002AA2A2 /* SignupView.swift */; };
		CCB66DC62BE5E0E0002AA2A2 /* GuestView.swift in Sources */ = {isa = PBXBuildFile; fileRef = CCB66DC52BE5E0E0002AA2A2 /* GuestView.swift */; };
		FBE115872BE591EB00E9572B /* RetoIOSApp.swift in Sources */ = {isa = PBXBuildFile; fileRef = FBE115862BE591EB00E9572B /* RetoIOSApp.swift */; };
		FBE115892BE591EB00E9572B /* ContentView.swift in Sources */ = {isa = PBXBuildFile; fileRef = FBE115882BE591EB00E9572B /* ContentView.swift */; };
		FBE1158B2BE591F800E9572B /* Assets.xcassets in Resources */ = {isa = PBXBuildFile; fileRef = FBE1158A2BE591F800E9572B /* Assets.xcassets */; };
		FBE1158E2BE591F800E9572B /* Preview Assets.xcassets in Resources */ = {isa = PBXBuildFile; fileRef = FBE1158D2BE591F800E9572B /* Preview Assets.xcassets */; };
/* End PBXBuildFile section */

/* Begin PBXFileReference section */
		CCB66DBF2BE5DFC9002AA2A2 /* LoginView.swift */ = {isa = PBXFileReference; lastKnownFileType = sourcecode.swift; path = LoginView.swift; sourceTree = "<group>"; };
		CCB66DC12BE5E00A002AA2A2 /* ForgotPassword.swift */ = {isa = PBXFileReference; lastKnownFileType = sourcecode.swift; path = ForgotPassword.swift; sourceTree = "<group>"; };
		CCB66DC32BE5E047002AA2A2 /* SignupView.swift */ = {isa = PBXFileReference; lastKnownFileType = sourcecode.swift; path = SignupView.swift; sourceTree = "<group>"; };
		CCB66DC52BE5E0E0002AA2A2 /* GuestView.swift */ = {isa = PBXFileReference; lastKnownFileType = sourcecode.swift; path = GuestView.swift; sourceTree = "<group>"; };
		FBE115832BE591EB00E9572B /* RetoIOS.app */ = {isa = PBXFileReference; explicitFileType = wrapper.application; includeInIndex = 0; path = RetoIOS.app; sourceTree = BUILT_PRODUCTS_DIR; };
		FBE115862BE591EB00E9572B /* RetoIOSApp.swift */ = {isa = PBXFileReference; lastKnownFileType = sourcecode.swift; path = RetoIOSApp.swift; sourceTree = "<group>"; };
		FBE115882BE591EB00E9572B /* ContentView.swift */ = {isa = PBXFileReference; lastKnownFileType = sourcecode.swift; path = ContentView.swift; sourceTree = "<group>"; };
		FBE1158A2BE591F800E9572B /* Assets.xcassets */ = {isa = PBXFileReference; lastKnownFileType = folder.assetcatalog; path = Assets.xcassets; sourceTree = "<group>"; };
		FBE1158D2BE591F800E9572B /* Preview Assets.xcassets */ = {isa = PBXFileReference; lastKnownFileType = folder.assetcatalog; path = "Preview Assets.xcassets"; sourceTree = "<group>"; };
/* End PBXFileReference section */

/* Begin PBXFrameworksBuildPhase section */
		FBE115802BE591EB00E9572B /* Frameworks */ = {
			isa = PBXFrameworksBuildPhase;
			buildActionMask = 2147483647;
			files = (
			);
			runOnlyForDeploymentPostprocessing = 0;
		};
/* End PBXFrameworksBuildPhase section */

/* Begin PBXGroup section */
		FBE1157A2BE591EB00E9572B = {
			isa = PBXGroup;
			children = (
				FBE115852BE591EB00E9572B /* RetoIOS */,
				FBE115842BE591EB00E9572B /* Products */,
			);
			sourceTree = "<group>";
		};
		FBE115842BE591EB00E9572B /* Products */ = {
			isa = PBXGroup;
			children = (
				FBE115832BE591EB00E9572B /* RetoIOS.app */,
			);
			name = Products;
			sourceTree = "<group>";
		};
		FBE115852BE591EB00E9572B /* RetoIOS */ = {
			isa = PBXGroup;
			children = (
				FBE115862BE591EB00E9572B /* RetoIOSApp.swift */,
				FBE115882BE591EB00E9572B /* ContentView.swift */,
				CCB66DBF2BE5DFC9002AA2A2 /* LoginView.swift */,
				CCB66DC52BE5E0E0002AA2A2 /* GuestView.swift */,
				CCB66DC32BE5E047002AA2A2 /* SignupView.swift */,
				CCB66DC12BE5E00A002AA2A2 /* ForgotPassword.swift */,
				FBE1158A2BE591F800E9572B /* Assets.xcassets */,
				FBE1158C2BE591F800E9572B /* Preview Content */,
			);
			path = RetoIOS;
			sourceTree = "<group>";
		};
		FBE1158C2BE591F800E9572B /* Preview Content */ = {
			isa = PBXGroup;
			children = (
				FBE1158D2BE591F800E9572B /* Preview Assets.xcassets */,
			);
			path = "Preview Content";
			sourceTree = "<group>";
		};
/* End PBXGroup section */

/* Begin PBXNativeTarget section */
		FBE115822BE591EB00E9572B /* RetoIOS */ = {
			isa = PBXNativeTarget;
			buildConfigurationList = FBE115912BE591F800E9572B /* Build configuration list for PBXNativeTarget "RetoIOS" */;
			buildPhases = (
				FBE1157F2BE591EB00E9572B /* Sources */,
				FBE115802BE591EB00E9572B /* Frameworks */,
				FBE115812BE591EB00E9572B /* Resources */,
			);
			buildRules = (
			);
			dependencies = (
			);
			name = RetoIOS;
			productName = RetoIOS;
			productReference = FBE115832BE591EB00E9572B /* RetoIOS.app */;
			productType = "com.apple.product-type.application";
		};
/* End PBXNativeTarget section */

/* Begin PBXProject section */
		FBE1157B2BE591EB00E9572B /* Project object */ = {
			isa = PBXProject;
			attributes = {
				BuildIndependentTargetsInParallel = 1;
				LastSwiftUpdateCheck = 1530;
				LastUpgradeCheck = 1530;
				TargetAttributes = {
					FBE115822BE591EB00E9572B = {
						CreatedOnToolsVersion = 15.3;
					};
				};
			};
			buildConfigurationList = FBE1157E2BE591EB00E9572B /* Build configuration list for PBXProject "RetoIOS" */;
			compatibilityVersion = "Xcode 14.0";
			developmentRegion = en;
			hasScannedForEncodings = 0;
			knownRegions = (
				en,
				Base,
			);
			mainGroup = FBE1157A2BE591EB00E9572B;
			productRefGroup = FBE115842BE591EB00E9572B /* Products */;
			projectDirPath = "";
			projectRoot = "";
			targets = (
				FBE115822BE591EB00E9572B /* RetoIOS */,
			);
		};
/* End PBXProject section */

/* Begin PBXResourcesBuildPhase section */
		FBE115812BE591EB00E9572B /* Resources */ = {
			isa = PBXResourcesBuildPhase;
			buildActionMask = 2147483647;
			files = (
				FBE1158E2BE591F800E9572B /* Preview Assets.xcassets in Resources */,
				FBE1158B2BE591F800E9572B /* Assets.xcassets in Resources */,
			);
			runOnlyForDeploymentPostprocessing = 0;
		};
/* End PBXResourcesBuildPhase section */

/* Begin PBXSourcesBuildPhase section */
		FBE1157F2BE591EB00E9572B /* Sources */ = {
			isa = PBXSourcesBuildPhase;
			buildActionMask = 2147483647;
			files = (
				CCB66DC02BE5DFC9002AA2A2 /* LoginView.swift in Sources */,
				FBE115892BE591EB00E9572B /* ContentView.swift in Sources */,
				FBE115872BE591EB00E9572B /* RetoIOSApp.swift in Sources */,
				CCB66DC62BE5E0E0002AA2A2 /* GuestView.swift in Sources */,
				CCB66DC22BE5E00A002AA2A2 /* ForgotPassword.swift in Sources */,
				CCB66DC42BE5E047002AA2A2 /* SignupView.swift in Sources */,
			);
			runOnlyForDeploymentPostprocessing = 0;
		};
/* End PBXSourcesBuildPhase section */

/* Begin XCBuildConfiguration section */
		FBE1158F2BE591F800E9572B /* Debug */ = {
			isa = XCBuildConfiguration;
			buildSettings = {
				ALWAYS_SEARCH_USER_PATHS = NO;
				ASSETCATALOG_COMPILER_GENERATE_SWIFT_ASSET_SYMBOL_EXTENSIONS = YES;
				CLANG_ANALYZER_NONNULL = YES;
				CLANG_ANALYZER_NUMBER_OBJECT_CONVERSION = YES_AGGRESSIVE;
				CLANG_CXX_LANGUAGE_STANDARD = "gnu++20";
				CLANG_ENABLE_MODULES = YES;
				CLANG_ENABLE_OBJC_ARC = YES;
				CLANG_ENABLE_OBJC_WEAK = YES;
				CLANG_WARN_BLOCK_CAPTURE_AUTORELEASING = YES;
				CLANG_WARN_BOOL_CONVERSION = YES;
				CLANG_WARN_COMMA = YES;
				CLANG_WARN_CONSTANT_CONVERSION = YES;
				CLANG_WARN_DEPRECATED_OBJC_IMPLEMENTATIONS = YES;
				CLANG_WARN_DIRECT_OBJC_ISA_USAGE = YES_ERROR;
				CLANG_WARN_DOCUMENTATION_COMMENTS = YES;
				CLANG_WARN_EMPTY_BODY = YES;
				CLANG_WARN_ENUM_CONVERSION = YES;
				CLANG_WARN_INFINITE_RECURSION = YES;
				CLANG_WARN_INT_CONVERSION = YES;
				CLANG_WARN_NON_LITERAL_NULL_CONVERSION = YES;
				CLANG_WARN_OBJC_IMPLICIT_RETAIN_SELF = YES;
				CLANG_WARN_OBJC_LITERAL_CONVERSION = YES;
				CLANG_WARN_OBJC_ROOT_CLASS = YES_ERROR;
				CLANG_WARN_QUOTED_INCLUDE_IN_FRAMEWORK_HEADER = YES;
				CLANG_WARN_RANGE_LOOP_ANALYSIS = YES;
				CLANG_WARN_STRICT_PROTOTYPES = YES;
				CLANG_WARN_SUSPICIOUS_MOVE = YES;
				CLANG_WARN_UNGUARDED_AVAILABILITY = YES_AGGRESSIVE;
				CLANG_WARN_UNREACHABLE_CODE = YES;
				CLANG_WARN__DUPLICATE_METHOD_MATCH = YES;
				COPY_PHASE_STRIP = NO;
				DEBUG_INFORMATION_FORMAT = dwarf;
				ENABLE_STRICT_OBJC_MSGSEND = YES;
				ENABLE_TESTABILITY = YES;
				ENABLE_USER_SCRIPT_SANDBOXING = YES;
				GCC_C_LANGUAGE_STANDARD = gnu17;
				GCC_DYNAMIC_NO_PIC = NO;
				GCC_NO_COMMON_BLOCKS = YES;
				GCC_OPTIMIZATION_LEVEL = 0;
				GCC_PREPROCESSOR_DEFINITIONS = (
					"DEBUG=1",
					"$(inherited)",
				);
				GCC_WARN_64_TO_32_BIT_CONVERSION = YES;
				GCC_WARN_ABOUT_RETURN_TYPE = YES_ERROR;
				GCC_WARN_UNDECLARED_SELECTOR = YES;
				GCC_WARN_UNINITIALIZED_AUTOS = YES_AGGRESSIVE;
				GCC_WARN_UNUSED_FUNCTION = YES;
				GCC_WARN_UNUSED_VARIABLE = YES;
				IPHONEOS_DEPLOYMENT_TARGET = 17.4;
				LOCALIZATION_PREFERS_STRING_CATALOGS = YES;
				MTL_ENABLE_DEBUG_INFO = INCLUDE_SOURCE;
				MTL_FAST_MATH = YES;
				ONLY_ACTIVE_ARCH = YES;
				SDKROOT = iphoneos;
				SWIFT_ACTIVE_COMPILATION_CONDITIONS = "DEBUG $(inherited)";
				SWIFT_OPTIMIZATION_LEVEL = "-Onone";
			};
			name = Debug;
		};
		FBE115902BE591F800E9572B /* Release */ = {
			isa = XCBuildConfiguration;
			buildSettings = {
				ALWAYS_SEARCH_USER_PATHS = NO;
				ASSETCATALOG_COMPILER_GENERATE_SWIFT_ASSET_SYMBOL_EXTENSIONS = YES;
				CLANG_ANALYZER_NONNULL = YES;
				CLANG_ANALYZER_NUMBER_OBJECT_CONVERSION = YES_AGGRESSIVE;
				CLANG_CXX_LANGUAGE_STANDARD = "gnu++20";
				CLANG_ENABLE_MODULES = YES;
				CLANG_ENABLE_OBJC_ARC = YES;
				CLANG_ENABLE_OBJC_WEAK = YES;
				CLANG_WARN_BLOCK_CAPTURE_AUTORELEASING = YES;
				CLANG_WARN_BOOL_CONVERSION = YES;
				CLANG_WARN_COMMA = YES;
				CLANG_WARN_CONSTANT_CONVERSION = YES;
				CLANG_WARN_DEPRECATED_OBJC_IMPLEMENTATIONS = YES;
				CLANG_WARN_DIRECT_OBJC_ISA_USAGE = YES_ERROR;
				CLANG_WARN_DOCUMENTATION_COMMENTS = YES;
				CLANG_WARN_EMPTY_BODY = YES;
				CLANG_WARN_ENUM_CONVERSION = YES;
				CLANG_WARN_INFINITE_RECURSION = YES;
				CLANG_WARN_INT_CONVERSION = YES;
				CLANG_WARN_NON_LITERAL_NULL_CONVERSION = YES;
				CLANG_WARN_OBJC_IMPLICIT_RETAIN_SELF = YES;
				CLANG_WARN_OBJC_LITERAL_CONVERSION = YES;
				CLANG_WARN_OBJC_ROOT_CLASS = YES_ERROR;
				CLANG_WARN_QUOTED_INCLUDE_IN_FRAMEWORK_HEADER = YES;
				CLANG_WARN_RANGE_LOOP_ANALYSIS = YES;
				CLANG_WARN_STRICT_PROTOTYPES = YES;
				CLANG_WARN_SUSPICIOUS_MOVE = YES;
				CLANG_WARN_UNGUARDED_AVAILABILITY = YES_AGGRESSIVE;
				CLANG_WARN_UNREACHABLE_CODE = YES;
				CLANG_WARN__DUPLICATE_METHOD_MATCH = YES;
				COPY_PHASE_STRIP = NO;
				DEBUG_INFORMATION_FORMAT = "dwarf-with-dsym";
				ENABLE_NS_ASSERTIONS = NO;
				ENABLE_STRICT_OBJC_MSGSEND = YES;
				ENABLE_USER_SCRIPT_SANDBOXING = YES;
				GCC_C_LANGUAGE_STANDARD = gnu17;
				GCC_NO_COMMON_BLOCKS = YES;
				GCC_WARN_64_TO_32_BIT_CONVERSION = YES;
				GCC_WARN_ABOUT_RETURN_TYPE = YES_ERROR;
				GCC_WARN_UNDECLARED_SELECTOR = YES;
				GCC_WARN_UNINITIALIZED_AUTOS = YES_AGGRESSIVE;
				GCC_WARN_UNUSED_FUNCTION = YES;
				GCC_WARN_UNUSED_VARIABLE = YES;
				IPHONEOS_DEPLOYMENT_TARGET = 17.4;
				LOCALIZATION_PREFERS_STRING_CATALOGS = YES;
				MTL_ENABLE_DEBUG_INFO = NO;
				MTL_FAST_MATH = YES;
				SDKROOT = iphoneos;
				SWIFT_COMPILATION_MODE = wholemodule;
				VALIDATE_PRODUCT = YES;
			};
			name = Release;
		};
		FBE115922BE591F800E9572B /* Debug */ = {
			isa = XCBuildConfiguration;
			buildSettings = {
				ASSETCATALOG_COMPILER_APPICON_NAME = AppIcon;
				ASSETCATALOG_COMPILER_GLOBAL_ACCENT_COLOR_NAME = AccentColor;
				CODE_SIGN_STYLE = Automatic;
				CURRENT_PROJECT_VERSION = 1;
				DEVELOPMENT_ASSET_PATHS = "\"RetoIOS/Preview Content\"";
				DEVELOPMENT_TEAM = 9MQSX62K58;
				ENABLE_PREVIEWS = YES;
				GENERATE_INFOPLIST_FILE = YES;
				INFOPLIST_KEY_UIApplicationSceneManifest_Generation = YES;
				INFOPLIST_KEY_UIApplicationSupportsIndirectInputEvents = YES;
				INFOPLIST_KEY_UILaunchScreen_Generation = YES;
				INFOPLIST_KEY_UISupportedInterfaceOrientations_iPad = "UIInterfaceOrientationPortrait UIInterfaceOrientationPortraitUpsideDown UIInterfaceOrientationLandscapeLeft UIInterfaceOrientationLandscapeRight";
				INFOPLIST_KEY_UISupportedInterfaceOrientations_iPhone = "UIInterfaceOrientationPortrait UIInterfaceOrientationLandscapeLeft UIInterfaceOrientationLandscapeRight";
				LD_RUNPATH_SEARCH_PATHS = (
					"$(inherited)",
					"@executable_path/Frameworks",
				);
				MARKETING_VERSION = 1.0;
				PRODUCT_BUNDLE_IDENTIFIER = itesm.mx.RetoIOS;
				PRODUCT_NAME = "$(TARGET_NAME)";
				SWIFT_EMIT_LOC_STRINGS = YES;
				SWIFT_VERSION = 5.0;
				TARGETED_DEVICE_FAMILY = "1,2";
			};
			name = Debug;
		};
		FBE115932BE591F800E9572B /* Release */ = {
			isa = XCBuildConfiguration;
			buildSettings = {
				ASSETCATALOG_COMPILER_APPICON_NAME = AppIcon;
				ASSETCATALOG_COMPILER_GLOBAL_ACCENT_COLOR_NAME = AccentColor;
				CODE_SIGN_STYLE = Automatic;
				CURRENT_PROJECT_VERSION = 1;
				DEVELOPMENT_ASSET_PATHS = "\"RetoIOS/Preview Content\"";
				DEVELOPMENT_TEAM = 9MQSX62K58;
				ENABLE_PREVIEWS = YES;
				GENERATE_INFOPLIST_FILE = YES;
				INFOPLIST_KEY_UIApplicationSceneManifest_Generation = YES;
				INFOPLIST_KEY_UIApplicationSupportsIndirectInputEvents = YES;
				INFOPLIST_KEY_UILaunchScreen_Generation = YES;
				INFOPLIST_KEY_UISupportedInterfaceOrientations_iPad = "UIInterfaceOrientationPortrait UIInterfaceOrientationPortraitUpsideDown UIInterfaceOrientationLandscapeLeft UIInterfaceOrientationLandscapeRight";
				INFOPLIST_KEY_UISupportedInterfaceOrientations_iPhone = "UIInterfaceOrientationPortrait UIInterfaceOrientationLandscapeLeft UIInterfaceOrientationLandscapeRight";
				LD_RUNPATH_SEARCH_PATHS = (
					"$(inherited)",
					"@executable_path/Frameworks",
				);
				MARKETING_VERSION = 1.0;
				PRODUCT_BUNDLE_IDENTIFIER = itesm.mx.RetoIOS;
				PRODUCT_NAME = "$(TARGET_NAME)";
				SWIFT_EMIT_LOC_STRINGS = YES;
				SWIFT_VERSION = 5.0;
				TARGETED_DEVICE_FAMILY = "1,2";
			};
			name = Release;
		};
/* End XCBuildConfiguration section */

/* Begin XCConfigurationList section */
		FBE1157E2BE591EB00E9572B /* Build configuration list for PBXProject "RetoIOS" */ = {
			isa = XCConfigurationList;
			buildConfigurations = (
				FBE1158F2BE591F800E9572B /* Debug */,
				FBE115902BE591F800E9572B /* Release */,
			);
			defaultConfigurationIsVisible = 0;
			defaultConfigurationName = Release;
		};
		FBE115912BE591F800E9572B /* Build configuration list for PBXNativeTarget "RetoIOS" */ = {
			isa = XCConfigurationList;
			buildConfigurations = (
				FBE115922BE591F800E9572B /* Debug */,
				FBE115932BE591F800E9572B /* Release */,
			);
			defaultConfigurationIsVisible = 0;
			defaultConfigurationName = Release;
		};
/* End XCConfigurationList section */
	};
	rootObject = FBE1157B2BE591EB00E9572B /* Project object */;
}
